
Microsoft Visual Studio Solution File, Format Version 12.00
# Visual Studio 15
VisualStudioVersion = 15.0.28010.2050
MinimumVisualStudioVersion = 10.0.40219.1
Project("{FAE04EC0-301F-11D3-BF4B-00C04F79EFBC}") = "sem_2__laba_2_lesson_6", "sem_2__laba_2_lesson_6.csproj", "{03B6C856-A48F-4D96-A3BD-2713438F12AD}"
EndProject
Global
	GlobalSection(SolutionConfigurationPlatforms) = preSolution
		Debug|Any CPU = Debug|Any CPU
		Release|Any CPU = Release|Any CPU
	EndGlobalSection
	GlobalSection(ProjectConfigurationPlatforms) = postSolution
		{03B6C856-A48F-4D96-A3BD-2713438F12AD}.Debug|Any CPU.ActiveCfg = Debug|Any CPU
		{03B6C856-A48F-4D96-A3BD-2713438F12AD}.Debug|Any CPU.Build.0 = Debug|Any CPU
		{03B6C856-A48F-4D96-A3BD-2713438F12AD}.Release|Any CPU.ActiveCfg = Release|Any CPU
		{03B6C856-A48F-4D96-A3BD-2713438F12AD}.Release|Any CPU.Build.0 = Release|Any CPU
	EndGlobalSection
	GlobalSection(SolutionProperties) = preSolution
		HideSolutionNode = FALSE
	EndGlobalSection
	GlobalSection(ExtensibilityGlobals) = postSolution
		SolutionGuid = {4E9C52FA-FDA6-4568-89F6-34070F333BE3}
	EndGlobalSection
EndGlobal
