
Microsoft Visual Studio Solution File, Format Version 12.00
# Visual Studio 15
VisualStudioVersion = 15.0.28010.2050
MinimumVisualStudioVersion = 10.0.40219.1
Project("{FAE04EC0-301F-11D3-BF4B-00C04F79EFBC}") = "sem_2__laba_1", "sem_2__laba_1.csproj", "{7A051220-F4DA-4F72-9A1F-D0A1685AC11E}"
EndProject
Global
	GlobalSection(SolutionConfigurationPlatforms) = preSolution
		Debug|Any CPU = Debug|Any CPU
		Release|Any CPU = Release|Any CPU
	EndGlobalSection
	GlobalSection(ProjectConfigurationPlatforms) = postSolution
		{7A051220-F4DA-4F72-9A1F-D0A1685AC11E}.Debug|Any CPU.ActiveCfg = Debug|Any CPU
		{7A051220-F4DA-4F72-9A1F-D0A1685AC11E}.Debug|Any CPU.Build.0 = Debug|Any CPU
		{7A051220-F4DA-4F72-9A1F-D0A1685AC11E}.Release|Any CPU.ActiveCfg = Release|Any CPU
		{7A051220-F4DA-4F72-9A1F-D0A1685AC11E}.Release|Any CPU.Build.0 = Release|Any CPU
	EndGlobalSection
	GlobalSection(SolutionProperties) = preSolution
		HideSolutionNode = FALSE
	EndGlobalSection
	GlobalSection(ExtensibilityGlobals) = postSolution
		SolutionGuid = {F55F2E22-A1E8-4F94-9557-5B37162A4ACC}
	EndGlobalSection
EndGlobal
